
Microsoft Visual Studio Solution File, Format Version 12.00
# Visual Studio 15
VisualStudioVersion = 15.0.27428.1
MinimumVisualStudioVersion = 10.0.40219.1
Project("{FAE04EC0-301F-11D3-BF4B-00C04F79EFBC}") = "TrackingApp.Android", "TrackingApp\TrackingApp.Android\TrackingApp.Android.csproj", "{5D5E44B7-474C-46FB-8445-325FB8578D14}"
	ProjectSection(ProjectDependencies) = postProject
		{7FFE101F-62AC-4E31-A353-47FAD92600D1} = {7FFE101F-62AC-4E31-A353-47FAD92600D1}
	EndProjectSection
EndProject
Project("{FAE04EC0-301F-11D3-BF4B-00C04F79EFBC}") = "TrackingApp.iOS", "TrackingApp\TrackingApp.iOS\TrackingApp.iOS.csproj", "{A2480E3E-59FF-4FBB-8006-1E1892100054}"
	ProjectSection(ProjectDependencies) = postProject
		{7FFE101F-62AC-4E31-A353-47FAD92600D1} = {7FFE101F-62AC-4E31-A353-47FAD92600D1}
	EndProjectSection
EndProject
Project("{FAE04EC0-301F-11D3-BF4B-00C04F79EFBC}") = "TrackingApp.UWP", "TrackingApp\TrackingApp.UWP\TrackingApp.UWP.csproj", "{D38D3092-8A12-4E2B-A2A5-AAB1F01FD00B}"
EndProject
Project("{FAE04EC0-301F-11D3-BF4B-00C04F79EFBC}") = "TrackingApp", "TrackingApp\TrackingApp\TrackingApp.csproj", "{7FFE101F-62AC-4E31-A353-47FAD92600D1}"
EndProject
Global
	GlobalSection(SolutionConfigurationPlatforms) = preSolution
		Ad-Hoc|Any CPU = Ad-Hoc|Any CPU
		Ad-Hoc|ARM = Ad-Hoc|ARM
		Ad-Hoc|iPhone = Ad-Hoc|iPhone
		Ad-Hoc|iPhoneSimulator = Ad-Hoc|iPhoneSimulator
		Ad-Hoc|x64 = Ad-Hoc|x64
		Ad-Hoc|x86 = Ad-Hoc|x86
		AppStore|Any CPU = AppStore|Any CPU
		AppStore|ARM = AppStore|ARM
		AppStore|iPhone = AppStore|iPhone
		AppStore|iPhoneSimulator = AppStore|iPhoneSimulator
		AppStore|x64 = AppStore|x64
		AppStore|x86 = AppStore|x86
		Debug|Any CPU = Debug|Any CPU
		Debug|ARM = Debug|ARM
		Debug|iPhone = Debug|iPhone
		Debug|iPhoneSimulator = Debug|iPhoneSimulator
		Debug|x64 = Debug|x64
		Debug|x86 = Debug|x86
		Release|Any CPU = Release|Any CPU
		Release|ARM = Release|ARM
		Release|iPhone = Release|iPhone
		Release|iPhoneSimulator = Release|iPhoneSimulator
		Release|x64 = Release|x64
		Release|x86 = Release|x86
	EndGlobalSection
	GlobalSection(ProjectConfigurationPlatforms) = postSolution
		{5D5E44B7-474C-46FB-8445-325FB8578D14}.Ad-Hoc|Any CPU.ActiveCfg = Debug|Any CPU
		{5D5E44B7-474C-46FB-8445-325FB8578D14}.Ad-Hoc|ARM.ActiveCfg = Release|Any CPU
		{5D5E44B7-474C-46FB-8445-325FB8578D14}.Ad-Hoc|ARM.Build.0 = Release|Any CPU
		{5D5E44B7-474C-46FB-8445-325FB8578D14}.Ad-Hoc|ARM.Deploy.0 = Release|Any CPU
		{5D5E44B7-474C-46FB-8445-325FB8578D14}.Ad-Hoc|iPhone.ActiveCfg = Release|Any CPU
		{5D5E44B7-474C-46FB-8445-325FB8578D14}.Ad-Hoc|iPhone.Build.0 = Release|Any CPU
		{5D5E44B7-474C-46FB-8445-325FB8578D14}.Ad-Hoc|iPhone.Deploy.0 = Release|Any CPU
		{5D5E44B7-474C-46FB-8445-325FB8578D14}.Ad-Hoc|iPhoneSimulator.ActiveCfg = Release|Any CPU
		{5D5E44B7-474C-46FB-8445-325FB8578D14}.Ad-Hoc|iPhoneSimulator.Build.0 = Release|Any CPU
		{5D5E44B7-474C-46FB-8445-325FB8578D14}.Ad-Hoc|iPhoneSimulator.Deploy.0 = Release|Any CPU
		{5D5E44B7-474C-46FB-8445-325FB8578D14}.Ad-Hoc|x64.ActiveCfg = Release|Any CPU
		{5D5E44B7-474C-46FB-8445-325FB8578D14}.Ad-Hoc|x64.Build.0 = Release|Any CPU
		{5D5E44B7-474C-46FB-8445-325FB8578D14}.Ad-Hoc|x64.Deploy.0 = Release|Any CPU
		{5D5E44B7-474C-46FB-8445-325FB8578D14}.Ad-Hoc|x86.ActiveCfg = Release|Any CPU
		{5D5E44B7-474C-46FB-8445-325FB8578D14}.Ad-Hoc|x86.Build.0 = Release|Any CPU
		{5D5E44B7-474C-46FB-8445-325FB8578D14}.Ad-Hoc|x86.Deploy.0 = Release|Any CPU
		{5D5E44B7-474C-46FB-8445-325FB8578D14}.AppStore|Any CPU.ActiveCfg = Debug|Any CPU
		{5D5E44B7-474C-46FB-8445-325FB8578D14}.AppStore|ARM.ActiveCfg = Release|Any CPU
		{5D5E44B7-474C-46FB-8445-325FB8578D14}.AppStore|ARM.Build.0 = Release|Any CPU
		{5D5E44B7-474C-46FB-8445-325FB8578D14}.AppStore|ARM.Deploy.0 = Release|Any CPU
		{5D5E44B7-474C-46FB-8445-325FB8578D14}.AppStore|iPhone.ActiveCfg = Release|Any CPU
		{5D5E44B7-474C-46FB-8445-325FB8578D14}.AppStore|iPhone.Build.0 = Release|Any CPU
		{5D5E44B7-474C-46FB-8445-325FB8578D14}.AppStore|iPhone.Deploy.0 = Release|Any CPU
		{5D5E44B7-474C-46FB-8445-325FB8578D14}.AppStore|iPhoneSimulator.ActiveCfg = Release|Any CPU
		{5D5E44B7-474C-46FB-8445-325FB8578D14}.AppStore|iPhoneSimulator.Build.0 = Release|Any CPU
		{5D5E44B7-474C-46FB-8445-325FB8578D14}.AppStore|iPhoneSimulator.Deploy.0 = Release|Any CPU
		{5D5E44B7-474C-46FB-8445-325FB8578D14}.AppStore|x64.ActiveCfg = Release|Any CPU
		{5D5E44B7-474C-46FB-8445-325FB8578D14}.AppStore|x64.Build.0 = Release|Any CPU
		{5D5E44B7-474C-46FB-8445-325FB8578D14}.AppStore|x64.Deploy.0 = Release|Any CPU
		{5D5E44B7-474C-46FB-8445-325FB8578D14}.AppStore|x86.ActiveCfg = Release|Any CPU
		{5D5E44B7-474C-46FB-8445-325FB8578D14}.AppStore|x86.Build.0 = Release|Any CPU
		{5D5E44B7-474C-46FB-8445-325FB8578D14}.AppStore|x86.Deploy.0 = Release|Any CPU
		{5D5E44B7-474C-46FB-8445-325FB8578D14}.Debug|Any CPU.ActiveCfg = Debug|Any CPU
		{5D5E44B7-474C-46FB-8445-325FB8578D14}.Debug|Any CPU.Build.0 = Debug|Any CPU
		{5D5E44B7-474C-46FB-8445-325FB8578D14}.Debug|Any CPU.Deploy.0 = Debug|Any CPU
		{5D5E44B7-474C-46FB-8445-325FB8578D14}.Debug|ARM.ActiveCfg = Debug|Any CPU
		{5D5E44B7-474C-46FB-8445-325FB8578D14}.Debug|ARM.Build.0 = Debug|Any CPU
		{5D5E44B7-474C-46FB-8445-325FB8578D14}.Debug|ARM.Deploy.0 = Debug|Any CPU
		{5D5E44B7-474C-46FB-8445-325FB8578D14}.Debug|iPhone.ActiveCfg = Debug|Any CPU
		{5D5E44B7-474C-46FB-8445-325FB8578D14}.Debug|iPhone.Build.0 = Debug|Any CPU
		{5D5E44B7-474C-46FB-8445-325FB8578D14}.Debug|iPhone.Deploy.0 = Debug|Any CPU
		{5D5E44B7-474C-46FB-8445-325FB8578D14}.Debug|iPhoneSimulator.ActiveCfg = Debug|Any CPU
		{5D5E44B7-474C-46FB-8445-325FB8578D14}.Debug|iPhoneSimulator.Build.0 = Debug|Any CPU
		{5D5E44B7-474C-46FB-8445-325FB8578D14}.Debug|iPhoneSimulator.Deploy.0 = Debug|Any CPU
		{5D5E44B7-474C-46FB-8445-325FB8578D14}.Debug|x64.ActiveCfg = Debug|Any CPU
		{5D5E44B7-474C-46FB-8445-325FB8578D14}.Debug|x64.Build.0 = Debug|Any CPU
		{5D5E44B7-474C-46FB-8445-325FB8578D14}.Debug|x64.Deploy.0 = Debug|Any CPU
		{5D5E44B7-474C-46FB-8445-325FB8578D14}.Debug|x86.ActiveCfg = Debug|Any CPU
		{5D5E44B7-474C-46FB-8445-325FB8578D14}.Debug|x86.Build.0 = Debug|Any CPU
		{5D5E44B7-474C-46FB-8445-325FB8578D14}.Debug|x86.Deploy.0 = Debug|Any CPU
		{5D5E44B7-474C-46FB-8445-325FB8578D14}.Release|Any CPU.ActiveCfg = Debug|Any CPU
		{5D5E44B7-474C-46FB-8445-325FB8578D14}.Release|ARM.ActiveCfg = Release|Any CPU
		{5D5E44B7-474C-46FB-8445-325FB8578D14}.Release|ARM.Build.0 = Release|Any CPU
		{5D5E44B7-474C-46FB-8445-325FB8578D14}.Release|ARM.Deploy.0 = Release|Any CPU
		{5D5E44B7-474C-46FB-8445-325FB8578D14}.Release|iPhone.ActiveCfg = Release|Any CPU
		{5D5E44B7-474C-46FB-8445-325FB8578D14}.Release|iPhone.Build.0 = Release|Any CPU
		{5D5E44B7-474C-46FB-8445-325FB8578D14}.Release|iPhone.Deploy.0 = Release|Any CPU
		{5D5E44B7-474C-46FB-8445-325FB8578D14}.Release|iPhoneSimulator.ActiveCfg = Release|Any CPU
		{5D5E44B7-474C-46FB-8445-325FB8578D14}.Release|iPhoneSimulator.Build.0 = Release|Any CPU
		{5D5E44B7-474C-46FB-8445-325FB8578D14}.Release|iPhoneSimulator.Deploy.0 = Release|Any CPU
		{5D5E44B7-474C-46FB-8445-325FB8578D14}.Release|x64.ActiveCfg = Release|Any CPU
		{5D5E44B7-474C-46FB-8445-325FB8578D14}.Release|x64.Build.0 = Release|Any CPU
		{5D5E44B7-474C-46FB-8445-325FB8578D14}.Release|x64.Deploy.0 = Release|Any CPU
		{5D5E44B7-474C-46FB-8445-325FB8578D14}.Release|x86.ActiveCfg = Release|Any CPU
		{5D5E44B7-474C-46FB-8445-325FB8578D14}.Release|x86.Build.0 = Release|Any CPU
		{5D5E44B7-474C-46FB-8445-325FB8578D14}.Release|x86.Deploy.0 = Release|Any CPU
		{A2480E3E-59FF-4FBB-8006-1E1892100054}.Ad-Hoc|Any CPU.ActiveCfg = Debug|iPhone
		{A2480E3E-59FF-4FBB-8006-1E1892100054}.Ad-Hoc|Any CPU.Build.0 = Debug|iPhone
		{A2480E3E-59FF-4FBB-8006-1E1892100054}.Ad-Hoc|ARM.ActiveCfg = Ad-Hoc|iPhone
		{A2480E3E-59FF-4FBB-8006-1E1892100054}.Ad-Hoc|iPhone.ActiveCfg = Ad-Hoc|iPhone
		{A2480E3E-59FF-4FBB-8006-1E1892100054}.Ad-Hoc|iPhone.Build.0 = Ad-Hoc|iPhone
		{A2480E3E-59FF-4FBB-8006-1E1892100054}.Ad-Hoc|iPhoneSimulator.ActiveCfg = Ad-Hoc|iPhoneSimulator
		{A2480E3E-59FF-4FBB-8006-1E1892100054}.Ad-Hoc|iPhoneSimulator.Build.0 = Ad-Hoc|iPhoneSimulator
		{A2480E3E-59FF-4FBB-8006-1E1892100054}.Ad-Hoc|x64.ActiveCfg = Ad-Hoc|iPhone
		{A2480E3E-59FF-4FBB-8006-1E1892100054}.Ad-Hoc|x86.ActiveCfg = Ad-Hoc|iPhone
		{A2480E3E-59FF-4FBB-8006-1E1892100054}.AppStore|Any CPU.ActiveCfg = Debug|iPhone
		{A2480E3E-59FF-4FBB-8006-1E1892100054}.AppStore|Any CPU.Build.0 = Debug|iPhone
		{A2480E3E-59FF-4FBB-8006-1E1892100054}.AppStore|ARM.ActiveCfg = AppStore|iPhone
		{A2480E3E-59FF-4FBB-8006-1E1892100054}.AppStore|iPhone.ActiveCfg = AppStore|iPhone
		{A2480E3E-59FF-4FBB-8006-1E1892100054}.AppStore|iPhone.Build.0 = AppStore|iPhone
		{A2480E3E-59FF-4FBB-8006-1E1892100054}.AppStore|iPhoneSimulator.ActiveCfg = AppStore|iPhoneSimulator
		{A2480E3E-59FF-4FBB-8006-1E1892100054}.AppStore|iPhoneSimulator.Build.0 = AppStore|iPhoneSimulator
		{A2480E3E-59FF-4FBB-8006-1E1892100054}.AppStore|x64.ActiveCfg = AppStore|iPhone
		{A2480E3E-59FF-4FBB-8006-1E1892100054}.AppStore|x86.ActiveCfg = AppStore|iPhone
		{A2480E3E-59FF-4FBB-8006-1E1892100054}.Debug|Any CPU.ActiveCfg = Debug|iPhoneSimulator
		{A2480E3E-59FF-4FBB-8006-1E1892100054}.Debug|Any CPU.Build.0 = Debug|iPhoneSimulator
		{A2480E3E-59FF-4FBB-8006-1E1892100054}.Debug|ARM.ActiveCfg = Debug|iPhone
		{A2480E3E-59FF-4FBB-8006-1E1892100054}.Debug|iPhone.ActiveCfg = Debug|iPhone
		{A2480E3E-59FF-4FBB-8006-1E1892100054}.Debug|iPhone.Build.0 = Debug|iPhone
		{A2480E3E-59FF-4FBB-8006-1E1892100054}.Debug|iPhoneSimulator.ActiveCfg = Debug|iPhoneSimulator
		{A2480E3E-59FF-4FBB-8006-1E1892100054}.Debug|iPhoneSimulator.Build.0 = Debug|iPhoneSimulator
		{A2480E3E-59FF-4FBB-8006-1E1892100054}.Debug|x64.ActiveCfg = Debug|iPhone
		{A2480E3E-59FF-4FBB-8006-1E1892100054}.Debug|x86.ActiveCfg = Debug|iPhone
		{A2480E3E-59FF-4FBB-8006-1E1892100054}.Debug|x86.Build.0 = Debug|iPhone
		{A2480E3E-59FF-4FBB-8006-1E1892100054}.Release|Any CPU.ActiveCfg = Debug|iPhone
		{A2480E3E-59FF-4FBB-8006-1E1892100054}.Release|Any CPU.Build.0 = Debug|iPhone
		{A2480E3E-59FF-4FBB-8006-1E1892100054}.Release|ARM.ActiveCfg = Release|iPhone
		{A2480E3E-59FF-4FBB-8006-1E1892100054}.Release|iPhone.ActiveCfg = Release|iPhone
		{A2480E3E-59FF-4FBB-8006-1E1892100054}.Release|iPhone.Build.0 = Release|iPhone
		{A2480E3E-59FF-4FBB-8006-1E1892100054}.Release|iPhoneSimulator.ActiveCfg = Release|iPhoneSimulator
		{A2480E3E-59FF-4FBB-8006-1E1892100054}.Release|iPhoneSimulator.Build.0 = Release|iPhoneSimulator
		{A2480E3E-59FF-4FBB-8006-1E1892100054}.Release|x64.ActiveCfg = Release|iPhone
		{A2480E3E-59FF-4FBB-8006-1E1892100054}.Release|x86.ActiveCfg = Release|iPhone
		{D38D3092-8A12-4E2B-A2A5-AAB1F01FD00B}.Ad-Hoc|Any CPU.ActiveCfg = Debug|ARM
		{D38D3092-8A12-4E2B-A2A5-AAB1F01FD00B}.Ad-Hoc|Any CPU.Build.0 = Debug|ARM
		{D38D3092-8A12-4E2B-A2A5-AAB1F01FD00B}.Ad-Hoc|Any CPU.Deploy.0 = Debug|ARM
		{D38D3092-8A12-4E2B-A2A5-AAB1F01FD00B}.Ad-Hoc|ARM.ActiveCfg = Release|ARM
		{D38D3092-8A12-4E2B-A2A5-AAB1F01FD00B}.Ad-Hoc|ARM.Build.0 = Release|ARM
		{D38D3092-8A12-4E2B-A2A5-AAB1F01FD00B}.Ad-Hoc|ARM.Deploy.0 = Release|ARM
		{D38D3092-8A12-4E2B-A2A5-AAB1F01FD00B}.Ad-Hoc|iPhone.ActiveCfg = Release|x86
		{D38D3092-8A12-4E2B-A2A5-AAB1F01FD00B}.Ad-Hoc|iPhone.Build.0 = Release|x86
		{D38D3092-8A12-4E2B-A2A5-AAB1F01FD00B}.Ad-Hoc|iPhone.Deploy.0 = Release|x86
		{D38D3092-8A12-4E2B-A2A5-AAB1F01FD00B}.Ad-Hoc|iPhoneSimulator.ActiveCfg = Release|x86
		{D38D3092-8A12-4E2B-A2A5-AAB1F01FD00B}.Ad-Hoc|iPhoneSimulator.Build.0 = Release|x86
		{D38D3092-8A12-4E2B-A2A5-AAB1F01FD00B}.Ad-Hoc|iPhoneSimulator.Deploy.0 = Release|x86
		{D38D3092-8A12-4E2B-A2A5-AAB1F01FD00B}.Ad-Hoc|x64.ActiveCfg = Release|x64
		{D38D3092-8A12-4E2B-A2A5-AAB1F01FD00B}.Ad-Hoc|x64.Build.0 = Release|x64
		{D38D3092-8A12-4E2B-A2A5-AAB1F01FD00B}.Ad-Hoc|x64.Deploy.0 = Release|x64
		{D38D3092-8A12-4E2B-A2A5-AAB1F01FD00B}.Ad-Hoc|x86.ActiveCfg = Release|x86
		{D38D3092-8A12-4E2B-A2A5-AAB1F01FD00B}.Ad-Hoc|x86.Build.0 = Release|x86
		{D38D3092-8A12-4E2B-A2A5-AAB1F01FD00B}.Ad-Hoc|x86.Deploy.0 = Release|x86
		{D38D3092-8A12-4E2B-A2A5-AAB1F01FD00B}.AppStore|Any CPU.ActiveCfg = Debug|ARM
		{D38D3092-8A12-4E2B-A2A5-AAB1F01FD00B}.AppStore|Any CPU.Build.0 = Debug|ARM
		{D38D3092-8A12-4E2B-A2A5-AAB1F01FD00B}.AppStore|Any CPU.Deploy.0 = Debug|ARM
		{D38D3092-8A12-4E2B-A2A5-AAB1F01FD00B}.AppStore|ARM.ActiveCfg = Release|ARM
		{D38D3092-8A12-4E2B-A2A5-AAB1F01FD00B}.AppStore|ARM.Build.0 = Release|ARM
		{D38D3092-8A12-4E2B-A2A5-AAB1F01FD00B}.AppStore|ARM.Deploy.0 = Release|ARM
		{D38D3092-8A12-4E2B-A2A5-AAB1F01FD00B}.AppStore|iPhone.ActiveCfg = Release|x86
		{D38D3092-8A12-4E2B-A2A5-AAB1F01FD00B}.AppStore|iPhone.Build.0 = Release|x86
		{D38D3092-8A12-4E2B-A2A5-AAB1F01FD00B}.AppStore|iPhone.Deploy.0 = Release|x86
		{D38D3092-8A12-4E2B-A2A5-AAB1F01FD00B}.AppStore|iPhoneSimulator.ActiveCfg = Release|x86
		{D38D3092-8A12-4E2B-A2A5-AAB1F01FD00B}.AppStore|iPhoneSimulator.Build.0 = Release|x86
		{D38D3092-8A12-4E2B-A2A5-AAB1F01FD00B}.AppStore|iPhoneSimulator.Deploy.0 = Release|x86
		{D38D3092-8A12-4E2B-A2A5-AAB1F01FD00B}.AppStore|x64.ActiveCfg = Release|x64
		{D38D3092-8A12-4E2B-A2A5-AAB1F01FD00B}.AppStore|x64.Build.0 = Release|x64
		{D38D3092-8A12-4E2B-A2A5-AAB1F01FD00B}.AppStore|x64.Deploy.0 = Release|x64
		{D38D3092-8A12-4E2B-A2A5-AAB1F01FD00B}.AppStore|x86.ActiveCfg = Release|x86
		{D38D3092-8A12-4E2B-A2A5-AAB1F01FD00B}.AppStore|x86.Build.0 = Release|x86
		{D38D3092-8A12-4E2B-A2A5-AAB1F01FD00B}.AppStore|x86.Deploy.0 = Release|x86
		{D38D3092-8A12-4E2B-A2A5-AAB1F01FD00B}.Debug|Any CPU.ActiveCfg = Debug|x86
		{D38D3092-8A12-4E2B-A2A5-AAB1F01FD00B}.Debug|Any CPU.Build.0 = Debug|x86
		{D38D3092-8A12-4E2B-A2A5-AAB1F01FD00B}.Debug|Any CPU.Deploy.0 = Debug|x86
		{D38D3092-8A12-4E2B-A2A5-AAB1F01FD00B}.Debug|ARM.ActiveCfg = Debug|ARM
		{D38D3092-8A12-4E2B-A2A5-AAB1F01FD00B}.Debug|ARM.Build.0 = Debug|ARM
		{D38D3092-8A12-4E2B-A2A5-AAB1F01FD00B}.Debug|ARM.Deploy.0 = Debug|ARM
		{D38D3092-8A12-4E2B-A2A5-AAB1F01FD00B}.Debug|iPhone.ActiveCfg = Debug|x86
		{D38D3092-8A12-4E2B-A2A5-AAB1F01FD00B}.Debug|iPhoneSimulator.ActiveCfg = Debug|x86
		{D38D3092-8A12-4E2B-A2A5-AAB1F01FD00B}.Debug|x64.ActiveCfg = Debug|x64
		{D38D3092-8A12-4E2B-A2A5-AAB1F01FD00B}.Debug|x64.Build.0 = Debug|x64
		{D38D3092-8A12-4E2B-A2A5-AAB1F01FD00B}.Debug|x64.Deploy.0 = Debug|x64
		{D38D3092-8A12-4E2B-A2A5-AAB1F01FD00B}.Debug|x86.ActiveCfg = Debug|x86
		{D38D3092-8A12-4E2B-A2A5-AAB1F01FD00B}.Debug|x86.Build.0 = Debug|x86
		{D38D3092-8A12-4E2B-A2A5-AAB1F01FD00B}.Debug|x86.Deploy.0 = Debug|x86
		{D38D3092-8A12-4E2B-A2A5-AAB1F01FD00B}.Release|Any CPU.ActiveCfg = Debug|ARM
		{D38D3092-8A12-4E2B-A2A5-AAB1F01FD00B}.Release|Any CPU.Build.0 = Debug|ARM
		{D38D3092-8A12-4E2B-A2A5-AAB1F01FD00B}.Release|Any CPU.Deploy.0 = Debug|ARM
		{D38D3092-8A12-4E2B-A2A5-AAB1F01FD00B}.Release|ARM.ActiveCfg = Release|ARM
		{D38D3092-8A12-4E2B-A2A5-AAB1F01FD00B}.Release|ARM.Build.0 = Release|ARM
		{D38D3092-8A12-4E2B-A2A5-AAB1F01FD00B}.Release|ARM.Deploy.0 = Release|ARM
		{D38D3092-8A12-4E2B-A2A5-AAB1F01FD00B}.Release|iPhone.ActiveCfg = Release|x86
		{D38D3092-8A12-4E2B-A2A5-AAB1F01FD00B}.Release|iPhoneSimulator.ActiveCfg = Release|x86
		{D38D3092-8A12-4E2B-A2A5-AAB1F01FD00B}.Release|x64.ActiveCfg = Release|x64
		{D38D3092-8A12-4E2B-A2A5-AAB1F01FD00B}.Release|x64.Build.0 = Release|x64
		{D38D3092-8A12-4E2B-A2A5-AAB1F01FD00B}.Release|x64.Deploy.0 = Release|x64
		{D38D3092-8A12-4E2B-A2A5-AAB1F01FD00B}.Release|x86.ActiveCfg = Release|x86
		{D38D3092-8A12-4E2B-A2A5-AAB1F01FD00B}.Release|x86.Build.0 = Release|x86
		{D38D3092-8A12-4E2B-A2A5-AAB1F01FD00B}.Release|x86.Deploy.0 = Release|x86
		{7FFE101F-62AC-4E31-A353-47FAD92600D1}.Ad-Hoc|Any CPU.ActiveCfg = Debug|Any CPU
		{7FFE101F-62AC-4E31-A353-47FAD92600D1}.Ad-Hoc|ARM.ActiveCfg = Debug|Any CPU
		{7FFE101F-62AC-4E31-A353-47FAD92600D1}.Ad-Hoc|ARM.Build.0 = Debug|Any CPU
		{7FFE101F-62AC-4E31-A353-47FAD92600D1}.Ad-Hoc|iPhone.ActiveCfg = Debug|Any CPU
		{7FFE101F-62AC-4E31-A353-47FAD92600D1}.Ad-Hoc|iPhone.Build.0 = Debug|Any CPU
		{7FFE101F-62AC-4E31-A353-47FAD92600D1}.Ad-Hoc|iPhoneSimulator.ActiveCfg = Debug|Any CPU
		{7FFE101F-62AC-4E31-A353-47FAD92600D1}.Ad-Hoc|iPhoneSimulator.Build.0 = Debug|Any CPU
		{7FFE101F-62AC-4E31-A353-47FAD92600D1}.Ad-Hoc|x64.ActiveCfg = Debug|Any CPU
		{7FFE101F-62AC-4E31-A353-47FAD92600D1}.Ad-Hoc|x64.Build.0 = Debug|Any CPU
		{7FFE101F-62AC-4E31-A353-47FAD92600D1}.Ad-Hoc|x86.ActiveCfg = Debug|Any CPU
		{7FFE101F-62AC-4E31-A353-47FAD92600D1}.Ad-Hoc|x86.Build.0 = Debug|Any CPU
		{7FFE101F-62AC-4E31-A353-47FAD92600D1}.AppStore|Any CPU.ActiveCfg = Debug|Any CPU
		{7FFE101F-62AC-4E31-A353-47FAD92600D1}.AppStore|ARM.ActiveCfg = Debug|Any CPU
		{7FFE101F-62AC-4E31-A353-47FAD92600D1}.AppStore|ARM.Build.0 = Debug|Any CPU
		{7FFE101F-62AC-4E31-A353-47FAD92600D1}.AppStore|iPhone.ActiveCfg = Debug|Any CPU
		{7FFE101F-62AC-4E31-A353-47FAD92600D1}.AppStore|iPhone.Build.0 = Debug|Any CPU
		{7FFE101F-62AC-4E31-A353-47FAD92600D1}.AppStore|iPhoneSimulator.ActiveCfg = Debug|Any CPU
		{7FFE101F-62AC-4E31-A353-47FAD92600D1}.AppStore|iPhoneSimulator.Build.0 = Debug|Any CPU
		{7FFE101F-62AC-4E31-A353-47FAD92600D1}.AppStore|x64.ActiveCfg = Debug|Any CPU
		{7FFE101F-62AC-4E31-A353-47FAD92600D1}.AppStore|x64.Build.0 = Debug|Any CPU
		{7FFE101F-62AC-4E31-A353-47FAD92600D1}.AppStore|x86.ActiveCfg = Debug|Any CPU
		{7FFE101F-62AC-4E31-A353-47FAD92600D1}.AppStore|x86.Build.0 = Debug|Any CPU
		{7FFE101F-62AC-4E31-A353-47FAD92600D1}.Debug|Any CPU.ActiveCfg = Debug|Any CPU
		{7FFE101F-62AC-4E31-A353-47FAD92600D1}.Debug|Any CPU.Build.0 = Debug|Any CPU
		{7FFE101F-62AC-4E31-A353-47FAD92600D1}.Debug|ARM.ActiveCfg = Debug|Any CPU
		{7FFE101F-62AC-4E31-A353-47FAD92600D1}.Debug|ARM.Build.0 = Debug|Any CPU
		{7FFE101F-62AC-4E31-A353-47FAD92600D1}.Debug|iPhone.ActiveCfg = Debug|Any CPU
		{7FFE101F-62AC-4E31-A353-47FAD92600D1}.Debug|iPhone.Build.0 = Debug|Any CPU
		{7FFE101F-62AC-4E31-A353-47FAD92600D1}.Debug|iPhoneSimulator.ActiveCfg = Debug|Any CPU
		{7FFE101F-62AC-4E31-A353-47FAD92600D1}.Debug|iPhoneSimulator.Build.0 = Debug|Any CPU
		{7FFE101F-62AC-4E31-A353-47FAD92600D1}.Debug|x64.ActiveCfg = Debug|Any CPU
		{7FFE101F-62AC-4E31-A353-47FAD92600D1}.Debug|x64.Build.0 = Debug|Any CPU
		{7FFE101F-62AC-4E31-A353-47FAD92600D1}.Debug|x86.ActiveCfg = Debug|Any CPU
		{7FFE101F-62AC-4E31-A353-47FAD92600D1}.Debug|x86.Build.0 = Debug|Any CPU
		{7FFE101F-62AC-4E31-A353-47FAD92600D1}.Release|Any CPU.ActiveCfg = Debug|Any CPU
		{7FFE101F-62AC-4E31-A353-47FAD92600D1}.Release|ARM.ActiveCfg = Release|Any CPU
		{7FFE101F-62AC-4E31-A353-47FAD92600D1}.Release|ARM.Build.0 = Release|Any CPU
		{7FFE101F-62AC-4E31-A353-47FAD92600D1}.Release|iPhone.ActiveCfg = Release|Any CPU
		{7FFE101F-62AC-4E31-A353-47FAD92600D1}.Release|iPhone.Build.0 = Release|Any CPU
		{7FFE101F-62AC-4E31-A353-47FAD92600D1}.Release|iPhoneSimulator.ActiveCfg = Release|Any CPU
		{7FFE101F-62AC-4E31-A353-47FAD92600D1}.Release|iPhoneSimulator.Build.0 = Release|Any CPU
		{7FFE101F-62AC-4E31-A353-47FAD92600D1}.Release|x64.ActiveCfg = Release|Any CPU
		{7FFE101F-62AC-4E31-A353-47FAD92600D1}.Release|x64.Build.0 = Release|Any CPU
		{7FFE101F-62AC-4E31-A353-47FAD92600D1}.Release|x86.ActiveCfg = Release|Any CPU
		{7FFE101F-62AC-4E31-A353-47FAD92600D1}.Release|x86.Build.0 = Release|Any CPU
	EndGlobalSection
	GlobalSection(SolutionProperties) = preSolution
		HideSolutionNode = FALSE
	EndGlobalSection
	GlobalSection(ExtensibilityGlobals) = postSolution
		SolutionGuid = {98EA4D73-507F-4220-BB7D-205B015E12BF}
	EndGlobalSection
EndGlobal
